// !$*UTF8*$!
{
	archiveVersion = 1;
	classes = {
	};
	objectVersion = 77;
	objects = {

/* Begin PBXBuildFile section */
		13DF5A75C9AE4AFCE4885185 /* ReaderViewModel.swift in Sources */ = {isa = PBXBuildFile; fileRef = 9183BD3CDE87C8BB6F7BC4C3 /* ReaderViewModel.swift */; };
		2654B9150F199620524912F4 /* Theme.swift in Sources */ = {isa = PBXBuildFile; fileRef = C871D2F312ACC6ADEFB77470 /* Theme.swift */; };
		4B6CCFE557E2DDF9DEBE747B /* Pacing.swift in Sources */ = {isa = PBXBuildFile; fileRef = C24A8371F87CD9A725EA5F7C /* Pacing.swift */; };
		54919AA54E0D79315DDDBD8C /* Tokenizer.swift in Sources */ = {isa = PBXBuildFile; fileRef = 8DEF86D8CB516B87B5ABC4D0 /* Tokenizer.swift */; };
		77A825B7C77196D4AC91D630 /* Haptics.swift in Sources */ = {isa = PBXBuildFile; fileRef = 388C6C2F7AE4FA38DA28E920 /* Haptics.swift */; };
		83DC879F3909146EE8B79D10 /* ReadingToken.swift in Sources */ = {isa = PBXBuildFile; fileRef = 5AC4EA8830BD1CC65AA83AF4 /* ReadingToken.swift */; };
		9087D2C60982F60E9CF1EEED /* ReaderState.swift in Sources */ = {isa = PBXBuildFile; fileRef = 28347A063917B8CFB21D725A /* ReaderState.swift */; };
		94D78C2EADFDEE5D6A4ADC4B /* ReadingView.swift in Sources */ = {isa = PBXBuildFile; fileRef = 88C5977A7AA32A2CC7B1CF72 /* ReadingView.swift */; };
		95295D66E7DCC0124036874D /* ContentView.swift in Sources */ = {isa = PBXBuildFile; fileRef = 59D15AC4D7FB2F00CE87A779 /* ContentView.swift */; };
		9FB5C7E43E5954B343828AF0 /* PasteView.swift in Sources */ = {isa = PBXBuildFile; fileRef = 9EFE9CE082349F8037FDFC23 /* PasteView.swift */; };
		DE866619CBA1450F962243D9 /* SpeedBand.swift in Sources */ = {isa = PBXBuildFile; fileRef = ED27CDA9AFD88606E30BACCF /* SpeedBand.swift */; };
		FD46EFBE49432C1EA84E5DA1 /* FlowReadApp.swift in Sources */ = {isa = PBXBuildFile; fileRef = 0D15E342041988A761D32594 /* FlowReadApp.swift */; };
/* End PBXBuildFile section */

/* Begin PBXFileReference section */
		0BBD2AA96FE4093672D39F5D /* FlowRead.app */ = {isa = PBXFileReference; includeInIndex = 0; lastKnownFileType = wrapper.application; path = FlowRead.app; sourceTree = BUILT_PRODUCTS_DIR; };
		0D15E342041988A761D32594 /* FlowReadApp.swift */ = {isa = PBXFileReference; lastKnownFileType = sourcecode.swift; path = FlowReadApp.swift; sourceTree = "<group>"; };
		28347A063917B8CFB21D725A /* ReaderState.swift */ = {isa = PBXFileReference; lastKnownFileType = sourcecode.swift; path = ReaderState.swift; sourceTree = "<group>"; };
		388C6C2F7AE4FA38DA28E920 /* Haptics.swift */ = {isa = PBXFileReference; lastKnownFileType = sourcecode.swift; path = Haptics.swift; sourceTree = "<group>"; };
		59D15AC4D7FB2F00CE87A779 /* ContentView.swift */ = {isa = PBXFileReference; lastKnownFileType = sourcecode.swift; path = ContentView.swift; sourceTree = "<group>"; };
		5AC4EA8830BD1CC65AA83AF4 /* ReadingToken.swift */ = {isa = PBXFileReference; lastKnownFileType = sourcecode.swift; path = ReadingToken.swift; sourceTree = "<group>"; };
		88C5977A7AA32A2CC7B1CF72 /* ReadingView.swift */ = {isa = PBXFileReference; lastKnownFileType = sourcecode.swift; path = ReadingView.swift; sourceTree = "<group>"; };
		8DEF86D8CB516B87B5ABC4D0 /* Tokenizer.swift */ = {isa = PBXFileReference; lastKnownFileType = sourcecode.swift; path = Tokenizer.swift; sourceTree = "<group>"; };
		9183BD3CDE87C8BB6F7BC4C3 /* ReaderViewModel.swift */ = {isa = PBXFileReference; lastKnownFileType = sourcecode.swift; path = ReaderViewModel.swift; sourceTree = "<group>"; };
		9EFE9CE082349F8037FDFC23 /* PasteView.swift */ = {isa = PBXFileReference; lastKnownFileType = sourcecode.swift; path = PasteView.swift; sourceTree = "<group>"; };
		C24A8371F87CD9A725EA5F7C /* Pacing.swift */ = {isa = PBXFileReference; lastKnownFileType = sourcecode.swift; path = Pacing.swift; sourceTree = "<group>"; };
		C871D2F312ACC6ADEFB77470 /* Theme.swift */ = {isa = PBXFileReference; lastKnownFileType = sourcecode.swift; path = Theme.swift; sourceTree = "<group>"; };
		ED27CDA9AFD88606E30BACCF /* SpeedBand.swift */ = {isa = PBXFileReference; lastKnownFileType = sourcecode.swift; path = SpeedBand.swift; sourceTree = "<group>"; };
/* End PBXFileReference section */

/* Begin PBXGroup section */
		21AEC2F3B4390D992CA1DA6E /* FlowReadCore */ = {
			isa = PBXGroup;
			children = (
				C24A8371F87CD9A725EA5F7C /* Pacing.swift */,
				28347A063917B8CFB21D725A /* ReaderState.swift */,
				5AC4EA8830BD1CC65AA83AF4 /* ReadingToken.swift */,
				ED27CDA9AFD88606E30BACCF /* SpeedBand.swift */,
				8DEF86D8CB516B87B5ABC4D0 /* Tokenizer.swift */,
			);
			path = FlowReadCore;
			sourceTree = "<group>";
		};
		7AF78F3BD0E2FCC33E44483B /* Products */ = {
			isa = PBXGroup;
			children = (
				0BBD2AA96FE4093672D39F5D /* FlowRead.app */,
			);
			name = Products;
			sourceTree = "<group>";
		};
		8FBADEE4BD0A424BF11B37D3 = {
			isa = PBXGroup;
			children = (
				AAC5C8F80458308E28C85E27 /* App */,
				C34AC5E6F5B164DA548C074A /* Sources */,
				7AF78F3BD0E2FCC33E44483B /* Products */,
			);
			sourceTree = "<group>";
		};
		AAC5C8F80458308E28C85E27 /* App */ = {
			isa = PBXGroup;
			children = (
				59D15AC4D7FB2F00CE87A779 /* ContentView.swift */,
				0D15E342041988A761D32594 /* FlowReadApp.swift */,
				388C6C2F7AE4FA38DA28E920 /* Haptics.swift */,
				9EFE9CE082349F8037FDFC23 /* PasteView.swift */,
				9183BD3CDE87C8BB6F7BC4C3 /* ReaderViewModel.swift */,
				88C5977A7AA32A2CC7B1CF72 /* ReadingView.swift */,
				C871D2F312ACC6ADEFB77470 /* Theme.swift */,
			);
			path = App;
			sourceTree = "<group>";
		};
		C34AC5E6F5B164DA548C074A /* Sources */ = {
			isa = PBXGroup;
			children = (
				21AEC2F3B4390D992CA1DA6E /* FlowReadCore */,
			);
			path = Sources;
			sourceTree = "<group>";
		};
/* End PBXGroup section */

/* Begin PBXNativeTarget section */
		1D634CD99E8CD304003BA776 /* FlowRead */ = {
			isa = PBXNativeTarget;
			buildConfigurationList = 7232A923DB1C82F3C09C143B /* Build configuration list for PBXNativeTarget "FlowRead" */;
			buildPhases = (
				81769AC4CC99785D1E8E4AA2 /* Sources */,
			);
			buildRules = (
			);
			dependencies = (
			);
			name = FlowRead;
			packageProductDependencies = (
			);
			productName = FlowRead;
			productReference = 0BBD2AA96FE4093672D39F5D /* FlowRead.app */;
			productType = "com.apple.product-type.application";
		};
/* End PBXNativeTarget section */

/* Begin PBXProject section */
		AD46685BFEC87E3ACA4AE728 /* Project object */ = {
			isa = PBXProject;
			attributes = {
				BuildIndependentTargetsInParallel = YES;
				LastUpgradeCheck = 1430;
				TargetAttributes = {
					1D634CD99E8CD304003BA776 = {
						ProvisioningStyle = Automatic;
					};
				};
			};
			buildConfigurationList = EE66ABDB534CB3C1FE8D9ECC /* Build configuration list for PBXProject "FlowRead" */;
			compatibilityVersion = "Xcode 14.0";
			developmentRegion = en;
			hasScannedForEncodings = 0;
			knownRegions = (
				Base,
				en,
			);
			mainGroup = 8FBADEE4BD0A424BF11B37D3;
			minimizedProjectReferenceProxies = 1;
			preferredProjectObjectVersion = 77;
			projectDirPath = "";
			projectRoot = "";
			targets = (
				1D634CD99E8CD304003BA776 /* FlowRead */,
			);
		};
/* End PBXProject section */

/* Begin PBXSourcesBuildPhase section */
		81769AC4CC99785D1E8E4AA2 /* Sources */ = {
			isa = PBXSourcesBuildPhase;
			buildActionMask = 2147483647;
			files = (
				95295D66E7DCC0124036874D /* ContentView.swift in Sources */,
				FD46EFBE49432C1EA84E5DA1 /* FlowReadApp.swift in Sources */,
				77A825B7C77196D4AC91D630 /* Haptics.swift in Sources */,
				4B6CCFE557E2DDF9DEBE747B /* Pacing.swift in Sources */,
				9FB5C7E43E5954B343828AF0 /* PasteView.swift in Sources */,
				9087D2C60982F60E9CF1EEED /* ReaderState.swift in Sources */,
				13DF5A75C9AE4AFCE4885185 /* ReaderViewModel.swift in Sources */,
				83DC879F3909146EE8B79D10 /* ReadingToken.swift in Sources */,
				94D78C2EADFDEE5D6A4ADC4B /* ReadingView.swift in Sources */,
				DE866619CBA1450F962243D9 /* SpeedBand.swift in Sources */,
				2654B9150F199620524912F4 /* Theme.swift in Sources */,
				54919AA54E0D79315DDDBD8C /* Tokenizer.swift in Sources */,
			);
			runOnlyForDeploymentPostprocessing = 0;
		};
/* End PBXSourcesBuildPhase section */

/* Begin XCBuildConfiguration section */
		403E43C5FBCF6FA2402D59D5 /* Release */ = {
			isa = XCBuildConfiguration;
			buildSettings = {
				ALWAYS_SEARCH_USER_PATHS = NO;
				CLANG_ANALYZER_NONNULL = YES;
				CLANG_ANALYZER_NUMBER_OBJECT_CONVERSION = YES_AGGRESSIVE;
				CLANG_CXX_LANGUAGE_STANDARD = "gnu++14";
				CLANG_CXX_LIBRARY = "libc++";
				CLANG_ENABLE_MODULES = YES;
				CLANG_ENABLE_OBJC_ARC = YES;
				CLANG_ENABLE_OBJC_WEAK = YES;
				CLANG_WARN_BLOCK_CAPTURE_AUTORELEASING = YES;
				CLANG_WARN_BOOL_CONVERSION = YES;
				CLANG_WARN_COMMA = YES;
				CLANG_WARN_CONSTANT_CONVERSION = YES;
				CLANG_WARN_DEPRECATED_OBJC_IMPLEMENTATIONS = YES;
				CLANG_WARN_DIRECT_OBJC_ISA_USAGE = YES_ERROR;
				CLANG_WARN_DOCUMENTATION_COMMENTS = YES;
				CLANG_WARN_EMPTY_BODY = YES;
				CLANG_WARN_ENUM_CONVERSION = YES;
				CLANG_WARN_INFINITE_RECURSION = YES;
				CLANG_WARN_INT_CONVERSION = YES;
				CLANG_WARN_NON_LITERAL_NULL_CONVERSION = YES;
				CLANG_WARN_OBJC_IMPLICIT_RETAIN_SELF = YES;
				CLANG_WARN_OBJC_LITERAL_CONVERSION = YES;
				CLANG_WARN_OBJC_ROOT_CLASS = YES_ERROR;
				CLANG_WARN_QUOTED_INCLUDE_IN_FRAMEWORK_HEADER = YES;
				CLANG_WARN_RANGE_LOOP_ANALYSIS = YES;
				CLANG_WARN_STRICT_PROTOTYPES = YES;
				CLANG_WARN_SUSPICIOUS_MOVE = YES;
				CLANG_WARN_UNGUARDED_AVAILABILITY = YES_AGGRESSIVE;
				CLANG_WARN_UNREACHABLE_CODE = YES;
				CLANG_WARN__DUPLICATE_METHOD_MATCH = YES;
				COPY_PHASE_STRIP = NO;
				CURRENT_PROJECT_VERSION = 1;
				DEBUG_INFORMATION_FORMAT = "dwarf-with-dsym";
				ENABLE_NS_ASSERTIONS = NO;
				ENABLE_STRICT_OBJC_MSGSEND = YES;
				GCC_C_LANGUAGE_STANDARD = gnu11;
				GCC_NO_COMMON_BLOCKS = YES;
				GCC_WARN_64_TO_32_BIT_CONVERSION = YES;
				GCC_WARN_ABOUT_RETURN_TYPE = YES_ERROR;
				GCC_WARN_UNDECLARED_SELECTOR = YES;
				GCC_WARN_UNINITIALIZED_AUTOS = YES_AGGRESSIVE;
				GCC_WARN_UNUSED_FUNCTION = YES;
				GCC_WARN_UNUSED_VARIABLE = YES;
				IPHONEOS_DEPLOYMENT_TARGET = 17.0;
				MARKETING_VERSION = 0.1;
				MTL_ENABLE_DEBUG_INFO = NO;
				MTL_FAST_MATH = YES;
				PRODUCT_NAME = "$(TARGET_NAME)";
				SDKROOT = iphoneos;
				SWIFT_COMPILATION_MODE = wholemodule;
				SWIFT_OPTIMIZATION_LEVEL = "-O";
				SWIFT_VERSION = 6.0;
			};
			name = Release;
		};
		7F18147DD05A26460D48B5DC /* Debug */ = {
			isa = XCBuildConfiguration;
			buildSettings = {
				ALWAYS_SEARCH_USER_PATHS = NO;
				CLANG_ANALYZER_NONNULL = YES;
				CLANG_ANALYZER_NUMBER_OBJECT_CONVERSION = YES_AGGRESSIVE;
				CLANG_CXX_LANGUAGE_STANDARD = "gnu++14";
				CLANG_CXX_LIBRARY = "libc++";
				CLANG_ENABLE_MODULES = YES;
				CLANG_ENABLE_OBJC_ARC = YES;
				CLANG_ENABLE_OBJC_WEAK = YES;
				CLANG_WARN_BLOCK_CAPTURE_AUTORELEASING = YES;
				CLANG_WARN_BOOL_CONVERSION = YES;
				CLANG_WARN_COMMA = YES;
				CLANG_WARN_CONSTANT_CONVERSION = YES;
				CLANG_WARN_DEPRECATED_OBJC_IMPLEMENTATIONS = YES;
				CLANG_WARN_DIRECT_OBJC_ISA_USAGE = YES_ERROR;
				CLANG_WARN_DOCUMENTATION_COMMENTS = YES;
				CLANG_WARN_EMPTY_BODY = YES;
				CLANG_WARN_ENUM_CONVERSION = YES;
				CLANG_WARN_INFINITE_RECURSION = YES;
				CLANG_WARN_INT_CONVERSION = YES;
				CLANG_WARN_NON_LITERAL_NULL_CONVERSION = YES;
				CLANG_WARN_OBJC_IMPLICIT_RETAIN_SELF = YES;
				CLANG_WARN_OBJC_LITERAL_CONVERSION = YES;
				CLANG_WARN_OBJC_ROOT_CLASS = YES_ERROR;
				CLANG_WARN_QUOTED_INCLUDE_IN_FRAMEWORK_HEADER = YES;
				CLANG_WARN_RANGE_LOOP_ANALYSIS = YES;
				CLANG_WARN_STRICT_PROTOTYPES = YES;
				CLANG_WARN_SUSPICIOUS_MOVE = YES;
				CLANG_WARN_UNGUARDED_AVAILABILITY = YES_AGGRESSIVE;
				CLANG_WARN_UNREACHABLE_CODE = YES;
				CLANG_WARN__DUPLICATE_METHOD_MATCH = YES;
				COPY_PHASE_STRIP = NO;
				CURRENT_PROJECT_VERSION = 1;
				DEBUG_INFORMATION_FORMAT = dwarf;
				ENABLE_STRICT_OBJC_MSGSEND = YES;
				ENABLE_TESTABILITY = YES;
				GCC_C_LANGUAGE_STANDARD = gnu11;
				GCC_DYNAMIC_NO_PIC = NO;
				GCC_NO_COMMON_BLOCKS = YES;
				GCC_OPTIMIZATION_LEVEL = 0;
				GCC_PREPROCESSOR_DEFINITIONS = (
					"$(inherited)",
					"DEBUG=1",
				);
				GCC_WARN_64_TO_32_BIT_CONVERSION = YES;
				GCC_WARN_ABOUT_RETURN_TYPE = YES_ERROR;
				GCC_WARN_UNDECLARED_SELECTOR = YES;
				GCC_WARN_UNINITIALIZED_AUTOS = YES_AGGRESSIVE;
				GCC_WARN_UNUSED_FUNCTION = YES;
				GCC_WARN_UNUSED_VARIABLE = YES;
				IPHONEOS_DEPLOYMENT_TARGET = 17.0;
				MARKETING_VERSION = 0.1;
				MTL_ENABLE_DEBUG_INFO = INCLUDE_SOURCE;
				MTL_FAST_MATH = YES;
				ONLY_ACTIVE_ARCH = YES;
				PRODUCT_NAME = "$(TARGET_NAME)";
				SDKROOT = iphoneos;
				SWIFT_ACTIVE_COMPILATION_CONDITIONS = DEBUG;
				SWIFT_OPTIMIZATION_LEVEL = "-Onone";
				SWIFT_VERSION = 6.0;
			};
			name = Debug;
		};
		90CC9B81977C4698028BE16C /* Release */ = {
			isa = XCBuildConfiguration;
			buildSettings = {
				ASSETCATALOG_COMPILER_APPICON_NAME = AppIcon;
				CODE_SIGN_IDENTITY = "iPhone Developer";
				CODE_SIGN_STYLE = Automatic;
				GENERATE_INFOPLIST_FILE = YES;
				INFOPLIST_KEY_UIApplicationSupportsIndirectInputEvents = YES;
				INFOPLIST_KEY_UILaunchScreen_Generation = YES;
				INFOPLIST_KEY_UIStatusBarHidden = YES;
				INFOPLIST_KEY_UISupportedInterfaceOrientations = UIInterfaceOrientationPortrait;
				IPHONEOS_DEPLOYMENT_TARGET = 17.0;
				LD_RUNPATH_SEARCH_PATHS = (
					"$(inherited)",
					"@executable_path/Frameworks",
				);
				PRODUCT_BUNDLE_IDENTIFIER = com.flowread.app;
				SDKROOT = iphoneos;
				TARGETED_DEVICE_FAMILY = 1;
			};
			name = Release;
		};
		91AB4C43C365D40DF8EADAD9 /* Debug */ = {
			isa = XCBuildConfiguration;
			buildSettings = {
				ASSETCATALOG_COMPILER_APPICON_NAME = AppIcon;
				CODE_SIGN_IDENTITY = "iPhone Developer";
				CODE_SIGN_STYLE = Automatic;
				GENERATE_INFOPLIST_FILE = YES;
				INFOPLIST_KEY_UIApplicationSupportsIndirectInputEvents = YES;
				INFOPLIST_KEY_UILaunchScreen_Generation = YES;
				INFOPLIST_KEY_UIStatusBarHidden = YES;
				INFOPLIST_KEY_UISupportedInterfaceOrientations = UIInterfaceOrientationPortrait;
				IPHONEOS_DEPLOYMENT_TARGET = 17.0;
				LD_RUNPATH_SEARCH_PATHS = (
					"$(inherited)",
					"@executable_path/Frameworks",
				);
				PRODUCT_BUNDLE_IDENTIFIER = com.flowread.app;
				SDKROOT = iphoneos;
				TARGETED_DEVICE_FAMILY = 1;
			};
			name = Debug;
		};
/* End XCBuildConfiguration section */

/* Begin XCConfigurationList section */
		7232A923DB1C82F3C09C143B /* Build configuration list for PBXNativeTarget "FlowRead" */ = {
			isa = XCConfigurationList;
			buildConfigurations = (
				91AB4C43C365D40DF8EADAD9 /* Debug */,
				90CC9B81977C4698028BE16C /* Release */,
			);
			defaultConfigurationIsVisible = 0;
			defaultConfigurationName = Debug;
		};
		EE66ABDB534CB3C1FE8D9ECC /* Build configuration list for PBXProject "FlowRead" */ = {
			isa = XCConfigurationList;
			buildConfigurations = (
				7F18147DD05A26460D48B5DC /* Debug */,
				403E43C5FBCF6FA2402D59D5 /* Release */,
			);
			defaultConfigurationIsVisible = 0;
			defaultConfigurationName = Debug;
		};
/* End XCConfigurationList section */
	};
	rootObject = AD46685BFEC87E3ACA4AE728 /* Project object */;
}
