// !$*UTF8*$!
{
	archiveVersion = 1;
	classes = {
	};
	objectVersion = 77;
	objects = {

/* Begin PBXBuildFile section */
		0BF6DAA36082A032D890C186 /* ContentView.swift in Sources */ = {isa = PBXBuildFile; fileRef = 38274812D70E98BE85962745 /* ContentView.swift */; };
		28DFDB8EE19E1D51BA549C2A /* AppState.swift in Sources */ = {isa = PBXBuildFile; fileRef = C64CB1004D657F82A2CCAAEF /* AppState.swift */; };
		2CB16C0E994161900CE5EFF0 /* SwiftBridgeCore.swift in Sources */ = {isa = PBXBuildFile; fileRef = D74D9BAAE9A01658B14AA189 /* SwiftBridgeCore.swift */; };
		5F035ED75F642B49612D69FF /* SettingsView.swift in Sources */ = {isa = PBXBuildFile; fileRef = AC345FDA823C297F0A13F4EC /* SettingsView.swift */; };
		86D5FD18EB8E7D426B5F659D /* speed-reader-core.swift in Sources */ = {isa = PBXBuildFile; fileRef = 26526842C47911212F19720B /* speed-reader-core.swift */; };
		FE73D08181395697118F0C58 /* SpeedReaderApp.swift in Sources */ = {isa = PBXBuildFile; fileRef = 0A653D4AC0829F2DF1D010B7 /* SpeedReaderApp.swift */; };
/* End PBXBuildFile section */

/* Begin PBXFileReference section */
		0A653D4AC0829F2DF1D010B7 /* SpeedReaderApp.swift */ = {isa = PBXFileReference; lastKnownFileType = sourcecode.swift; path = SpeedReaderApp.swift; sourceTree = "<group>"; };
		26526842C47911212F19720B /* speed-reader-core.swift */ = {isa = PBXFileReference; lastKnownFileType = sourcecode.swift; path = "speed-reader-core.swift"; sourceTree = "<group>"; };
		38274812D70E98BE85962745 /* ContentView.swift */ = {isa = PBXFileReference; lastKnownFileType = sourcecode.swift; path = ContentView.swift; sourceTree = "<group>"; };
		A7273E1CE535D34EED6103AA /* SpeedReader.app */ = {isa = PBXFileReference; explicitFileType = wrapper.application; includeInIndex = 0; path = SpeedReader.app; sourceTree = BUILT_PRODUCTS_DIR; };
		AC345FDA823C297F0A13F4EC /* SettingsView.swift */ = {isa = PBXFileReference; lastKnownFileType = sourcecode.swift; path = SettingsView.swift; sourceTree = "<group>"; };
		C64CB1004D657F82A2CCAAEF /* AppState.swift */ = {isa = PBXFileReference; lastKnownFileType = sourcecode.swift; path = AppState.swift; sourceTree = "<group>"; };
		CC422E9198D8B74BF6D78CFA /* Info.plist */ = {isa = PBXFileReference; lastKnownFileType = text.plist; path = Info.plist; sourceTree = "<group>"; };
		D74D9BAAE9A01658B14AA189 /* SwiftBridgeCore.swift */ = {isa = PBXFileReference; lastKnownFileType = sourcecode.swift; path = SwiftBridgeCore.swift; sourceTree = "<group>"; };
/* End PBXFileReference section */

/* Begin PBXGroup section */
		3BFFD7708172E3A87FE0B5D7 /* SpeedReader */ = {
			isa = PBXGroup;
			children = (
				C64CB1004D657F82A2CCAAEF /* AppState.swift */,
				38274812D70E98BE85962745 /* ContentView.swift */,
				CC422E9198D8B74BF6D78CFA /* Info.plist */,
				AC345FDA823C297F0A13F4EC /* SettingsView.swift */,
				0A653D4AC0829F2DF1D010B7 /* SpeedReaderApp.swift */,
			);
			path = SpeedReader;
			sourceTree = "<group>";
		};
		6A16361E174B732FF5DEFF34 = {
			isa = PBXGroup;
			children = (
				895A464E4F8AA63E748F19EA /* generated */,
				9E7AA392ACF5D69713592371 /* speed-reader-core */,
				3BFFD7708172E3A87FE0B5D7 /* SpeedReader */,
				9D4F47EA540B9A3A91BEFE41 /* Products */,
			);
			sourceTree = "<group>";
		};
		895A464E4F8AA63E748F19EA /* generated */ = {
			isa = PBXGroup;
			children = (
				D74D9BAAE9A01658B14AA189 /* SwiftBridgeCore.swift */,
			);
			name = generated;
			path = ../generated;
			sourceTree = "<group>";
		};
		9D4F47EA540B9A3A91BEFE41 /* Products */ = {
			isa = PBXGroup;
			children = (
				A7273E1CE535D34EED6103AA /* SpeedReader.app */,
			);
			name = Products;
			sourceTree = "<group>";
		};
		9E7AA392ACF5D69713592371 /* speed-reader-core */ = {
			isa = PBXGroup;
			children = (
				26526842C47911212F19720B /* speed-reader-core.swift */,
			);
			name = "speed-reader-core";
			path = "../generated/speed-reader-core";
			sourceTree = "<group>";
		};
/* End PBXGroup section */

/* Begin PBXNativeTarget section */
		2B5AD7BBA461F547645E8353 /* SpeedReader */ = {
			isa = PBXNativeTarget;
			buildConfigurationList = 635A1CCCF4E841BFA043B9C9 /* Build configuration list for PBXNativeTarget "SpeedReader" */;
			buildPhases = (
				608135DD1E721CA2A433FB65 /* Sources */,
			);
			buildRules = (
			);
			dependencies = (
			);
			name = SpeedReader;
			packageProductDependencies = (
			);
			productName = SpeedReader;
			productReference = A7273E1CE535D34EED6103AA /* SpeedReader.app */;
			productType = "com.apple.product-type.application";
		};
/* End PBXNativeTarget section */

/* Begin PBXProject section */
		7517B4EFE2E97D6B977ECF62 /* Project object */ = {
			isa = PBXProject;
			attributes = {
				BuildIndependentTargetsInParallel = YES;
				LastUpgradeCheck = 1500;
				TargetAttributes = {
					2B5AD7BBA461F547645E8353 = {
						ProvisioningStyle = Automatic;
					};
				};
			};
			buildConfigurationList = D76BA7D8BAD9754854EB6E75 /* Build configuration list for PBXProject "SpeedReader" */;
			compatibilityVersion = "Xcode 14.0";
			developmentRegion = en;
			hasScannedForEncodings = 0;
			knownRegions = (
				Base,
				en,
			);
			mainGroup = 6A16361E174B732FF5DEFF34;
			minimizedProjectReferenceProxies = 1;
			preferredProjectObjectVersion = 77;
			projectDirPath = "";
			projectRoot = "";
			targets = (
				2B5AD7BBA461F547645E8353 /* SpeedReader */,
			);
		};
/* End PBXProject section */

/* Begin PBXSourcesBuildPhase section */
		608135DD1E721CA2A433FB65 /* Sources */ = {
			isa = PBXSourcesBuildPhase;
			buildActionMask = 2147483647;
			files = (
				28DFDB8EE19E1D51BA549C2A /* AppState.swift in Sources */,
				0BF6DAA36082A032D890C186 /* ContentView.swift in Sources */,
				5F035ED75F642B49612D69FF /* SettingsView.swift in Sources */,
				FE73D08181395697118F0C58 /* SpeedReaderApp.swift in Sources */,
				2CB16C0E994161900CE5EFF0 /* SwiftBridgeCore.swift in Sources */,
				86D5FD18EB8E7D426B5F659D /* speed-reader-core.swift in Sources */,
			);
			runOnlyForDeploymentPostprocessing = 0;
		};
/* End PBXSourcesBuildPhase section */

/* Begin XCBuildConfiguration section */
		8F577AB3695B517A09280BFF /* Release */ = {
			isa = XCBuildConfiguration;
			buildSettings = {
				ALWAYS_SEARCH_USER_PATHS = NO;
				CLANG_ANALYZER_NONNULL = YES;
				CLANG_ANALYZER_NUMBER_OBJECT_CONVERSION = YES_AGGRESSIVE;
				CLANG_CXX_LANGUAGE_STANDARD = "gnu++14";
				CLANG_CXX_LIBRARY = "libc++";
				CLANG_ENABLE_MODULES = YES;
				CLANG_ENABLE_OBJC_ARC = YES;
				CLANG_ENABLE_OBJC_WEAK = YES;
				CLANG_WARN_BLOCK_CAPTURE_AUTORELEASING = YES;
				CLANG_WARN_BOOL_CONVERSION = YES;
				CLANG_WARN_COMMA = YES;
				CLANG_WARN_CONSTANT_CONVERSION = YES;
				CLANG_WARN_DEPRECATED_OBJC_IMPLEMENTATIONS = YES;
				CLANG_WARN_DIRECT_OBJC_ISA_USAGE = YES_ERROR;
				CLANG_WARN_DOCUMENTATION_COMMENTS = YES;
				CLANG_WARN_EMPTY_BODY = YES;
				CLANG_WARN_ENUM_CONVERSION = YES;
				CLANG_WARN_INFINITE_RECURSION = YES;
				CLANG_WARN_INT_CONVERSION = YES;
				CLANG_WARN_NON_LITERAL_NULL_CONVERSION = YES;
				CLANG_WARN_OBJC_IMPLICIT_RETAIN_SELF = YES;
				CLANG_WARN_OBJC_LITERAL_CONVERSION = YES;
				CLANG_WARN_OBJC_ROOT_CLASS = YES_ERROR;
				CLANG_WARN_QUOTED_INCLUDE_IN_FRAMEWORK_HEADER = YES;
				CLANG_WARN_RANGE_LOOP_ANALYSIS = YES;
				CLANG_WARN_STRICT_PROTOTYPES = YES;
				CLANG_WARN_SUSPICIOUS_MOVE = YES;
				CLANG_WARN_UNGUARDED_AVAILABILITY = YES_AGGRESSIVE;
				CLANG_WARN_UNREACHABLE_CODE = YES;
				CLANG_WARN__DUPLICATE_METHOD_MATCH = YES;
				COPY_PHASE_STRIP = NO;
				DEBUG_INFORMATION_FORMAT = "dwarf-with-dsym";
				ENABLE_NS_ASSERTIONS = NO;
				ENABLE_STRICT_OBJC_MSGSEND = YES;
				GCC_C_LANGUAGE_STANDARD = gnu11;
				GCC_NO_COMMON_BLOCKS = YES;
				GCC_WARN_64_TO_32_BIT_CONVERSION = YES;
				GCC_WARN_ABOUT_RETURN_TYPE = YES_ERROR;
				GCC_WARN_UNDECLARED_SELECTOR = YES;
				GCC_WARN_UNINITIALIZED_AUTOS = YES_AGGRESSIVE;
				GCC_WARN_UNUSED_FUNCTION = YES;
				GCC_WARN_UNUSED_VARIABLE = YES;
				MACOSX_DEPLOYMENT_TARGET = 14.0;
				MTL_ENABLE_DEBUG_INFO = NO;
				MTL_FAST_MATH = YES;
				PRODUCT_NAME = "$(TARGET_NAME)";
				SDKROOT = macosx;
				SWIFT_COMPILATION_MODE = wholemodule;
				SWIFT_OPTIMIZATION_LEVEL = "-O";
				SWIFT_VERSION = 5.9;
			};
			name = Release;
		};
		A87F5EC48AD4EEE33AF1CF9E /* Debug */ = {
			isa = XCBuildConfiguration;
			buildSettings = {
				ALWAYS_SEARCH_USER_PATHS = NO;
				CLANG_ANALYZER_NONNULL = YES;
				CLANG_ANALYZER_NUMBER_OBJECT_CONVERSION = YES_AGGRESSIVE;
				CLANG_CXX_LANGUAGE_STANDARD = "gnu++14";
				CLANG_CXX_LIBRARY = "libc++";
				CLANG_ENABLE_MODULES = YES;
				CLANG_ENABLE_OBJC_ARC = YES;
				CLANG_ENABLE_OBJC_WEAK = YES;
				CLANG_WARN_BLOCK_CAPTURE_AUTORELEASING = YES;
				CLANG_WARN_BOOL_CONVERSION = YES;
				CLANG_WARN_COMMA = YES;
				CLANG_WARN_CONSTANT_CONVERSION = YES;
				CLANG_WARN_DEPRECATED_OBJC_IMPLEMENTATIONS = YES;
				CLANG_WARN_DIRECT_OBJC_ISA_USAGE = YES_ERROR;
				CLANG_WARN_DOCUMENTATION_COMMENTS = YES;
				CLANG_WARN_EMPTY_BODY = YES;
				CLANG_WARN_ENUM_CONVERSION = YES;
				CLANG_WARN_INFINITE_RECURSION = YES;
				CLANG_WARN_INT_CONVERSION = YES;
				CLANG_WARN_NON_LITERAL_NULL_CONVERSION = YES;
				CLANG_WARN_OBJC_IMPLICIT_RETAIN_SELF = YES;
				CLANG_WARN_OBJC_LITERAL_CONVERSION = YES;
				CLANG_WARN_OBJC_ROOT_CLASS = YES_ERROR;
				CLANG_WARN_QUOTED_INCLUDE_IN_FRAMEWORK_HEADER = YES;
				CLANG_WARN_RANGE_LOOP_ANALYSIS = YES;
				CLANG_WARN_STRICT_PROTOTYPES = YES;
				CLANG_WARN_SUSPICIOUS_MOVE = YES;
				CLANG_WARN_UNGUARDED_AVAILABILITY = YES_AGGRESSIVE;
				CLANG_WARN_UNREACHABLE_CODE = YES;
				CLANG_WARN__DUPLICATE_METHOD_MATCH = YES;
				COPY_PHASE_STRIP = NO;
				DEBUG_INFORMATION_FORMAT = dwarf;
				ENABLE_STRICT_OBJC_MSGSEND = YES;
				ENABLE_TESTABILITY = YES;
				GCC_C_LANGUAGE_STANDARD = gnu11;
				GCC_DYNAMIC_NO_PIC = NO;
				GCC_NO_COMMON_BLOCKS = YES;
				GCC_OPTIMIZATION_LEVEL = 0;
				GCC_PREPROCESSOR_DEFINITIONS = (
					"$(inherited)",
					"DEBUG=1",
				);
				GCC_WARN_64_TO_32_BIT_CONVERSION = YES;
				GCC_WARN_ABOUT_RETURN_TYPE = YES_ERROR;
				GCC_WARN_UNDECLARED_SELECTOR = YES;
				GCC_WARN_UNINITIALIZED_AUTOS = YES_AGGRESSIVE;
				GCC_WARN_UNUSED_FUNCTION = YES;
				GCC_WARN_UNUSED_VARIABLE = YES;
				MACOSX_DEPLOYMENT_TARGET = 14.0;
				MTL_ENABLE_DEBUG_INFO = INCLUDE_SOURCE;
				MTL_FAST_MATH = YES;
				ONLY_ACTIVE_ARCH = YES;
				PRODUCT_NAME = "$(TARGET_NAME)";
				SDKROOT = macosx;
				SWIFT_ACTIVE_COMPILATION_CONDITIONS = DEBUG;
				SWIFT_OPTIMIZATION_LEVEL = "-Onone";
				SWIFT_VERSION = 5.9;
			};
			name = Debug;
		};
		ADF3A499C90AC6AD2F9351B4 /* Debug */ = {
			isa = XCBuildConfiguration;
			buildSettings = {
				ASSETCATALOG_COMPILER_APPICON_NAME = AppIcon;
				CODE_SIGN_IDENTITY = "-";
				CODE_SIGN_STYLE = Automatic;
				COMBINE_HIDPI_IMAGES = YES;
				ENABLE_HARDENED_RUNTIME = YES;
				HEADER_SEARCH_PATHS = (
					"$(PROJECT_DIR)/../generated",
					"$(PROJECT_DIR)/../generated/speed-reader-core",
				);
				INFOPLIST_FILE = SpeedReader/Info.plist;
				LD_RUNPATH_SEARCH_PATHS = (
					"@executable_path/../Frameworks",
				);
				LIBRARY_SEARCH_PATHS = (
					"$(PROJECT_DIR)/../target/release",
				);
				OTHER_LDFLAGS = (
					"-lspeed_reader_core",
				);
				PRODUCT_BUNDLE_IDENTIFIER = com.quickspec.speedreader;
				PRODUCT_NAME = "Speed Reader";
				SDKROOT = macosx;
				SWIFT_OBJC_BRIDGING_HEADER = SpeedReader/BridgingHeader.h;
			};
			name = Debug;
		};
		DC4E55D04D12E3A7426E897E /* Release */ = {
			isa = XCBuildConfiguration;
			buildSettings = {
				ASSETCATALOG_COMPILER_APPICON_NAME = AppIcon;
				CODE_SIGN_IDENTITY = "-";
				CODE_SIGN_STYLE = Automatic;
				COMBINE_HIDPI_IMAGES = YES;
				ENABLE_HARDENED_RUNTIME = YES;
				HEADER_SEARCH_PATHS = (
					"$(PROJECT_DIR)/../generated",
					"$(PROJECT_DIR)/../generated/speed-reader-core",
				);
				INFOPLIST_FILE = SpeedReader/Info.plist;
				LD_RUNPATH_SEARCH_PATHS = (
					"@executable_path/../Frameworks",
				);
				LIBRARY_SEARCH_PATHS = (
					"$(PROJECT_DIR)/../target/release",
				);
				OTHER_LDFLAGS = (
					"-lspeed_reader_core",
				);
				PRODUCT_BUNDLE_IDENTIFIER = com.quickspec.speedreader;
				PRODUCT_NAME = "Speed Reader";
				SDKROOT = macosx;
				SWIFT_OBJC_BRIDGING_HEADER = SpeedReader/BridgingHeader.h;
			};
			name = Release;
		};
/* End XCBuildConfiguration section */

/* Begin XCConfigurationList section */
		635A1CCCF4E841BFA043B9C9 /* Build configuration list for PBXNativeTarget "SpeedReader" */ = {
			isa = XCConfigurationList;
			buildConfigurations = (
				ADF3A499C90AC6AD2F9351B4 /* Debug */,
				DC4E55D04D12E3A7426E897E /* Release */,
			);
			defaultConfigurationIsVisible = 0;
			defaultConfigurationName = Debug;
		};
		D76BA7D8BAD9754854EB6E75 /* Build configuration list for PBXProject "SpeedReader" */ = {
			isa = XCConfigurationList;
			buildConfigurations = (
				A87F5EC48AD4EEE33AF1CF9E /* Debug */,
				8F577AB3695B517A09280BFF /* Release */,
			);
			defaultConfigurationIsVisible = 0;
			defaultConfigurationName = Debug;
		};
/* End XCConfigurationList section */
	};
	rootObject = 7517B4EFE2E97D6B977ECF62 /* Project object */;
}
